
Microsoft Visual Studio Solution File, Format Version 12.00
# Visual Studio 15
VisualStudioVersion = 15.0.28307.106
MinimumVisualStudioVersion = 10.0.40219.1
Project("{FAE04EC0-301F-11D3-BF4B-00C04F79EFBC}") = "CSharpRenderingEngine", "CSharpRenderingEngine\CSharpRenderingEngine.csproj", "{A144FA51-08C2-4C96-8B8A-36D051FEA2AD}"
EndProject
Global
	GlobalSection(SolutionConfigurationPlatforms) = preSolution
		Debug|Any CPU = Debug|Any CPU
		Release|Any CPU = Release|Any CPU
	EndGlobalSection
	GlobalSection(ProjectConfigurationPlatforms) = postSolution
		{A144FA51-08C2-4C96-8B8A-36D051FEA2AD}.Debug|Any CPU.ActiveCfg = Debug|Any CPU
		{A144FA51-08C2-4C96-8B8A-36D051FEA2AD}.Debug|Any CPU.Build.0 = Debug|Any CPU
		{A144FA51-08C2-4C96-8B8A-36D051FEA2AD}.Release|Any CPU.ActiveCfg = Release|Any CPU
		{A144FA51-08C2-4C96-8B8A-36D051FEA2AD}.Release|Any CPU.Build.0 = Release|Any CPU
	EndGlobalSection
	GlobalSection(SolutionProperties) = preSolution
		HideSolutionNode = FALSE
	EndGlobalSection
	GlobalSection(ExtensibilityGlobals) = postSolution
		SolutionGuid = {55F5F689-7677-44F0-B485-71FB1106BE53}
	EndGlobalSection
EndGlobal
